<?xml version="1.0" encoding="utf-8"?>
<Project ToolsVersion="4.0" xmlns="http://schemas.microsoft.com/developer/msbuild/2003">
  <ItemGroup>
    <Filter Include="ゲームエンジン">
      <UniqueIdentifier>{bd2076bb-2602-4005-91b3-e30dd4c90bd6}</UniqueIdentifier>
    </Filter>
    <Filter Include="オブジェクト">
      <UniqueIdentifier>{db3c6608-7c38-4efe-ae90-e7442ab06fe8}</UniqueIdentifier>
    </Filter>
    <Filter Include="コンポーネント">
      <UniqueIdentifier>{ec552e37-9f6d-4571-aed6-98c6535e46cb}</UniqueIdentifier>
    </Filter>
    <Filter Include="インターフェース">
      <UniqueIdentifier>{4a02130a-4e80-414f-91d0-4080e71d0894}</UniqueIdentifier>
    </Filter>
    <Filter Include="シーン">
      <UniqueIdentifier>{363a5cb9-ae23-4231-ab00-292080193558}</UniqueIdentifier>
    </Filter>
    <Filter Include="基底クラス">
      <UniqueIdentifier>{9be7905a-e88e-47b0-8dd6-208d67f91edc}</UniqueIdentifier>
    </Filter>
    <Filter Include="プロトタイプ">
      <UniqueIdentifier>{f3205c1d-a47b-4bbe-9b87-5b7e74fecee0}</UniqueIdentifier>
    </Filter>
    <Filter Include="カメラ">
      <UniqueIdentifier>{c083de6c-312a-4538-96b8-e1497bf235db}</UniqueIdentifier>
    </Filter>
    <Filter Include="UI">
      <UniqueIdentifier>{2dd70b82-5c60-4edd-99fc-1d9372c1cfbe}</UniqueIdentifier>
    </Filter>
    <Filter Include="リソース管理">
      <UniqueIdentifier>{1bf5ae15-ad6f-4825-8f8a-03f5194d5187}</UniqueIdentifier>
    </Filter>
    <Filter Include="管理クラス">
      <UniqueIdentifier>{96866af3-92c9-4baa-b6ae-62ad7ab2777b}</UniqueIdentifier>
    </Filter>
  </ItemGroup>
  <ItemGroup>
    <ClCompile Include="main.cpp" />
    <ClCompile Include="Game.cpp">
      <Filter>ゲームエンジン</Filter>
    </ClCompile>
    <ClCompile Include="PlayerEntity.cpp">
      <Filter>オブジェクト</Filter>
    </ClCompile>
    <ClCompile Include="EnemyEntity.cpp">
      <Filter>オブジェクト</Filter>
    </ClCompile>
    <ClCompile Include="BulletEntity.cpp">
      <Filter>オブジェクト</Filter>
    </ClCompile>
    <ClCompile Include="EnemyBulletEntity.cpp">
      <Filter>オブジェクト</Filter>
    </ClCompile>
    <ClCompile Include="TransformComponent.cpp">
      <Filter>コンポーネント</Filter>
    </ClCompile>
    <ClCompile Include="EntitySystem.cpp">
      <Filter>ゲームエンジン</Filter>
    </ClCompile>
    <ClCompile Include="SoundManager.cpp">
      <Filter>ゲームエンジン</Filter>
    </ClCompile>
    <ClCompile Include="RenderModelComponent.cpp">
      <Filter>コンポーネント</Filter>
    </ClCompile>
    <ClCompile Include="EnemyBulletRenderComponent.cpp">
      <Filter>コンポーネント</Filter>
    </ClCompile>
    <ClCompile Include="BulletRenderComponent.cpp">
      <Filter>コンポーネント</Filter>
    </ClCompile>
    <ClCompile Include="Component.cpp">
      <Filter>インターフェース</Filter>
    </ClCompile>
    <ClCompile Include="Scene.cpp">
      <Filter>インターフェース</Filter>
    </ClCompile>
    <ClCompile Include="TitleScene.cpp">
      <Filter>シーン</Filter>
    </ClCompile>
    <ClCompile Include="PlayScene.cpp">
      <Filter>シーン</Filter>
    </ClCompile>
    <ClCompile Include="GameOverScene.cpp">
      <Filter>シーン</Filter>
    </ClCompile>
    <ClCompile Include="ModelFactory.cpp">
      <Filter>ゲームエンジン</Filter>
    </ClCompile>
    <ClCompile Include="Entity.cpp">
      <Filter>基底クラス</Filter>
    </ClCompile>
    <ClCompile Include="BulletPrototype.cpp">
      <Filter>プロトタイプ</Filter>
    </ClCompile>
    <ClCompile Include="EnemyPrototype.cpp">
      <Filter>プロトタイプ</Filter>
    </ClCompile>
    <ClCompile Include="EntityPrototype.cpp">
      <Filter>インターフェース</Filter>
    </ClCompile>
    <ClCompile Include="precompiled.cpp" />
    <ClCompile Include="SpriteRendererComponent.cpp">
      <Filter>コンポーネント</Filter>
    </ClCompile>
    <ClCompile Include="VirtualScreenManager.cpp">
      <Filter>ゲームエンジン</Filter>
    </ClCompile>
    <ClCompile Include="CameraComponent.cpp">
      <Filter>コンポーネント</Filter>
    </ClCompile>
    <ClCompile Include="CameraEntity.cpp">
      <Filter>オブジェクト</Filter>
    </ClCompile>
    <ClCompile Include="UIComponent.cpp">
      <Filter>インターフェース</Filter>
    </ClCompile>
    <ClCompile Include="UIText.cpp">
      <Filter>UI</Filter>
    </ClCompile>
    <ClCompile Include="UISystem.cpp">
      <Filter>UI</Filter>
    </ClCompile>
    <ClCompile Include="UIManager.cpp">
      <Filter>UI</Filter>
    </ClCompile>
    <ClCompile Include="UIImage.cpp">
      <Filter>UI</Filter>
    </ClCompile>
    <ClCompile Include="CameraController.cpp">
      <Filter>カメラ</Filter>
    </ClCompile>
    <ClCompile Include="CameraSystem.cpp">
      <Filter>カメラ</Filter>
    </ClCompile>
    <ClCompile Include="Transform2D.cpp">
      <Filter>基底クラス</Filter>
    </ClCompile>
    <ClCompile Include="SpriteRenderer.cpp">
      <Filter>インターフェース</Filter>
    </ClCompile>
    <ClCompile Include="IResourceSet.cpp">
      <Filter>インターフェース</Filter>
    </ClCompile>
    <ClCompile Include="ImageResourceSet.cpp">
      <Filter>リソース管理</Filter>
    </ClCompile>
    <ClCompile Include="SoundResourceSet.cpp">
      <Filter>リソース管理</Filter>
    </ClCompile>
    <ClCompile Include="ModelResourceSet.cpp">
      <Filter>リソース管理</Filter>
    </ClCompile>
    <ClCompile Include="ResourceManager.cpp">
      <Filter>管理クラス</Filter>
    </ClCompile>
    <ClCompile Include="IPrototype.cpp">
      <Filter>インターフェース</Filter>
    </ClCompile>
  </ItemGroup>
  <ItemGroup>
    <ClInclude Include="Game.h">
      <Filter>ゲームエンジン</Filter>
    </ClInclude>
    <ClInclude Include="PlayerEntity.h">
      <Filter>オブジェクト</Filter>
    </ClInclude>
    <ClInclude Include="EnemyEntity.h">
      <Filter>オブジェクト</Filter>
    </ClInclude>
    <ClInclude Include="BulletEntity.h">
      <Filter>オブジェクト</Filter>
    </ClInclude>
    <ClInclude Include="EnemyBulletEntity.h">
      <Filter>オブジェクト</Filter>
    </ClInclude>
    <ClInclude Include="TransformComponent.h">
      <Filter>コンポーネント</Filter>
    </ClInclude>
    <ClInclude Include="EntitySystem.h">
      <Filter>ゲームエンジン</Filter>
    </ClInclude>
    <ClInclude Include="SoundManager.h">
      <Filter>ゲームエンジン</Filter>
    </ClInclude>
    <ClInclude Include="RenderModelComponent.h">
      <Filter>コンポーネント</Filter>
    </ClInclude>
    <ClInclude Include="EnemyBulletRenderComponent.h">
      <Filter>コンポーネント</Filter>
    </ClInclude>
    <ClInclude Include="BulletRenderComponent.h">
      <Filter>コンポーネント</Filter>
    </ClInclude>
    <ClInclude Include="Component.h">
      <Filter>インターフェース</Filter>
    </ClInclude>
    <ClInclude Include="Scene.h">
      <Filter>インターフェース</Filter>
    </ClInclude>
    <ClInclude Include="precompiled.h" />
    <ClInclude Include="TitleScene.h">
      <Filter>シーン</Filter>
    </ClInclude>
    <ClInclude Include="PlayScene.h">
      <Filter>シーン</Filter>
    </ClInclude>
    <ClInclude Include="GameOverScene.h">
      <Filter>シーン</Filter>
    </ClInclude>
    <ClInclude Include="ModelFactory.h">
      <Filter>ゲームエンジン</Filter>
    </ClInclude>
    <ClInclude Include="Entity.h">
      <Filter>基底クラス</Filter>
    </ClInclude>
    <ClInclude Include="BulletPrototype.h">
      <Filter>プロトタイプ</Filter>
    </ClInclude>
    <ClInclude Include="EnemyPrototype.h">
      <Filter>プロトタイプ</Filter>
    </ClInclude>
    <ClInclude Include="EntityPrototype.h">
      <Filter>インターフェース</Filter>
    </ClInclude>
    <ClInclude Include="SpriteRendererComponent.h">
      <Filter>コンポーネント</Filter>
    </ClInclude>
    <ClInclude Include="VirtualScreenManager.h">
      <Filter>ゲームエンジン</Filter>
    </ClInclude>
    <ClInclude Include="CameraComponent.h">
      <Filter>コンポーネント</Filter>
    </ClInclude>
    <ClInclude Include="CameraEntity.h">
      <Filter>オブジェクト</Filter>
    </ClInclude>
    <ClInclude Include="UIComponent.h">
      <Filter>インターフェース</Filter>
    </ClInclude>
    <ClInclude Include="UIText.h">
      <Filter>UI</Filter>
    </ClInclude>
    <ClInclude Include="UISystem.h">
      <Filter>UI</Filter>
    </ClInclude>
    <ClInclude Include="UIManager.h">
      <Filter>UI</Filter>
    </ClInclude>
    <ClInclude Include="UIImage.h">
      <Filter>UI</Filter>
    </ClInclude>
    <ClInclude Include="CameraController.h">
      <Filter>カメラ</Filter>
    </ClInclude>
    <ClInclude Include="CameraSystem.h">
      <Filter>カメラ</Filter>
    </ClInclude>
    <ClInclude Include="Transform2D.h">
      <Filter>基底クラス</Filter>
    </ClInclude>
    <ClInclude Include="SpriteRenderer.h">
      <Filter>インターフェース</Filter>
    </ClInclude>
    <ClInclude Include="IResourceSet.h">
      <Filter>インターフェース</Filter>
    </ClInclude>
    <ClInclude Include="ImageResourceSet.h">
      <Filter>リソース管理</Filter>
    </ClInclude>
    <ClInclude Include="SoundResourceSet.h">
      <Filter>リソース管理</Filter>
    </ClInclude>
    <ClInclude Include="ModelResourceSet.h">
      <Filter>リソース管理</Filter>
    </ClInclude>
    <ClInclude Include="ResourceManager.h">
      <Filter>管理クラス</Filter>
    </ClInclude>
    <ClInclude Include="IPrototype.h">
      <Filter>インターフェース</Filter>
    </ClInclude>
  </ItemGroup>
</Project>